// !$*UTF8*$!
{
	archiveVersion = 1;
	classes = {
	};
	objectVersion = 46;
	objects = {

/* Begin PBXBuildFile section */
		1B94A5291946F8F70061180A /* Foundation.framework in Frameworks */ = {isa = PBXBuildFile; fileRef = 1B94A5281946F8F70061180A /* Foundation.framework */; };
		1B94A52B1946F8F70061180A /* CoreGraphics.framework in Frameworks */ = {isa = PBXBuildFile; fileRef = 1B94A52A1946F8F70061180A /* CoreGraphics.framework */; };
		1B94A52D1946F8F70061180A /* UIKit.framework in Frameworks */ = {isa = PBXBuildFile; fileRef = 1B94A52C1946F8F70061180A /* UIKit.framework */; };
		1B94A5331946F8F70061180A /* InfoPlist.strings in Resources */ = {isa = PBXBuildFile; fileRef = 1B94A5311946F8F70061180A /* InfoPlist.strings */; };
		1B94A5351946F8F70061180A /* main.m in Sources */ = {isa = PBXBuildFile; fileRef = 1B94A5341946F8F70061180A /* main.m */; };
		1B94A5391946F8F70061180A /* AppDelegate.m in Sources */ = {isa = PBXBuildFile; fileRef = 1B94A5381946F8F70061180A /* AppDelegate.m */; };
		1B94A53C1946F8F70061180A /* Main.storyboard in Resources */ = {isa = PBXBuildFile; fileRef = 1B94A53A1946F8F70061180A /* Main.storyboard */; };
		1B94A53F1946F8F70061180A /* ViewController.m in Sources */ = {isa = PBXBuildFile; fileRef = 1B94A53E1946F8F70061180A /* ViewController.m */; };
		1B94A5411946F8F70061180A /* Images.xcassets in Resources */ = {isa = PBXBuildFile; fileRef = 1B94A5401946F8F70061180A /* Images.xcassets */; };
		1B94A5481946F8F70061180A /* XCTest.framework in Frameworks */ = {isa = PBXBuildFile; fileRef = 1B94A5471946F8F70061180A /* XCTest.framework */; };
		1B94A5491946F8F70061180A /* Foundation.framework in Frameworks */ = {isa = PBXBuildFile; fileRef = 1B94A5281946F8F70061180A /* Foundation.framework */; };
		1B94A54A1946F8F70061180A /* UIKit.framework in Frameworks */ = {isa = PBXBuildFile; fileRef = 1B94A52C1946F8F70061180A /* UIKit.framework */; };
		1B94A5521946F8F70061180A /* InfoPlist.strings in Resources */ = {isa = PBXBuildFile; fileRef = 1B94A5501946F8F70061180A /* InfoPlist.strings */; };
		1B94A5541946F8F70061180A /* ThumbTestTests.m in Sources */ = {isa = PBXBuildFile; fileRef = 1B94A5531946F8F70061180A /* ThumbTestTests.m */; };
/* End PBXBuildFile section */

/* Begin PBXContainerItemProxy section */
		1B94A54B1946F8F70061180A /* PBXContainerItemProxy */ = {
			isa = PBXContainerItemProxy;
			containerPortal = 1B94A51D1946F8F70061180A /* Project object */;
			proxyType = 1;
			remoteGlobalIDString = 1B94A5241946F8F70061180A;
			remoteInfo = ThumbTest;
		};
/* End PBXContainerItemProxy section */

/* Begin PBXFileReference section */
		1B94A5251946F8F70061180A /* ThumbTest.app */ = {isa = PBXFileReference; explicitFileType = wrapper.application; includeInIndex = 0; path = ThumbTest.app; sourceTree = BUILT_PRODUCTS_DIR; };
		1B94A5281946F8F70061180A /* Foundation.framework */ = {isa = PBXFileReference; lastKnownFileType = wrapper.framework; name = Foundation.framework; path = System/Library/Frameworks/Foundation.framework; sourceTree = SDKROOT; };
		1B94A52A1946F8F70061180A /* CoreGraphics.framework */ = {isa = PBXFileReference; lastKnownFileType = wrapper.framework; name = CoreGraphics.framework; path = System/Library/Frameworks/CoreGraphics.framework; sourceTree = SDKROOT; };
		1B94A52C1946F8F70061180A /* UIKit.framework */ = {isa = PBXFileReference; lastKnownFileType = wrapper.framework; name = UIKit.framework; path = System/Library/Frameworks/UIKit.framework; sourceTree = SDKROOT; };
		1B94A5301946F8F70061180A /* ThumbTest-Info.plist */ = {isa = PBXFileReference; lastKnownFileType = text.plist.xml; path = "ThumbTest-Info.plist"; sourceTree = "<group>"; };
		1B94A5321946F8F70061180A /* en */ = {isa = PBXFileReference; lastKnownFileType = text.plist.strings; name = en; path = en.lproj/InfoPlist.strings; sourceTree = "<group>"; };
		1B94A5341946F8F70061180A /* main.m */ = {isa = PBXFileReference; lastKnownFileType = sourcecode.c.objc; path = main.m; sourceTree = "<group>"; };
		1B94A5361946F8F70061180A /* ThumbTest-Prefix.pch */ = {isa = PBXFileReference; lastKnownFileType = sourcecode.c.h; path = "ThumbTest-Prefix.pch"; sourceTree = "<group>"; };
		1B94A5371946F8F70061180A /* AppDelegate.h */ = {isa = PBXFileReference; lastKnownFileType = sourcecode.c.h; path = AppDelegate.h; sourceTree = "<group>"; };
		1B94A5381946F8F70061180A /* AppDelegate.m */ = {isa = PBXFileReference; lastKnownFileType = sourcecode.c.objc; path = AppDelegate.m; sourceTree = "<group>"; };
		1B94A53B1946F8F70061180A /* Base */ = {isa = PBXFileReference; lastKnownFileType = file.storyboard; name = Base; path = Base.lproj/Main.storyboard; sourceTree = "<group>"; };
		1B94A53D1946F8F70061180A /* ViewController.h */ = {isa = PBXFileReference; lastKnownFileType = sourcecode.c.h; path = ViewController.h; sourceTree = "<group>"; };
		1B94A53E1946F8F70061180A /* ViewController.m */ = {isa = PBXFileReference; lastKnownFileType = sourcecode.c.objc; path = ViewController.m; sourceTree = "<group>"; };
		1B94A5401946F8F70061180A /* Images.xcassets */ = {isa = PBXFileReference; lastKnownFileType = folder.assetcatalog; path = Images.xcassets; sourceTree = "<group>"; };
		1B94A5461946F8F70061180A /* ThumbTestTests.xctest */ = {isa = PBXFileReference; explicitFileType = wrapper.cfbundle; includeInIndex = 0; path = ThumbTestTests.xctest; sourceTree = BUILT_PRODUCTS_DIR; };
		1B94A5471946F8F70061180A /* XCTest.framework */ = {isa = PBXFileReference; lastKnownFileType = wrapper.framework; name = XCTest.framework; path = Library/Frameworks/XCTest.framework; sourceTree = DEVELOPER_DIR; };
		1B94A54F1946F8F70061180A /* ThumbTestTests-Info.plist */ = {isa = PBXFileReference; lastKnownFileType = text.plist.xml; path = "ThumbTestTests-Info.plist"; sourceTree = "<group>"; };
		1B94A5511946F8F70061180A /* en */ = {isa = PBXFileReference; lastKnownFileType = text.plist.strings; name = en; path = en.lproj/InfoPlist.strings; sourceTree = "<group>"; };
		1B94A5531946F8F70061180A /* ThumbTestTests.m */ = {isa = PBXFileReference; lastKnownFileType = sourcecode.c.objc; path = ThumbTestTests.m; sourceTree = "<group>"; };
/* End PBXFileReference section */

/* Begin PBXFrameworksBuildPhase section */
		1B94A5221946F8F70061180A /* Frameworks */ = {
			isa = PBXFrameworksBuildPhase;
			buildActionMask = 2147483647;
			files = (
				1B94A52B1946F8F70061180A /* CoreGraphics.framework in Frameworks */,
				1B94A52D1946F8F70061180A /* UIKit.framework in Frameworks */,
				1B94A5291946F8F70061180A /* Foundation.framework in Frameworks */,
			);
			runOnlyForDeploymentPostprocessing = 0;
		};
		1B94A5431946F8F70061180A /* Frameworks */ = {
			isa = PBXFrameworksBuildPhase;
			buildActionMask = 2147483647;
			files = (
				1B94A5481946F8F70061180A /* XCTest.framework in Frameworks */,
				1B94A54A1946F8F70061180A /* UIKit.framework in Frameworks */,
				1B94A5491946F8F70061180A /* Foundation.framework in Frameworks */,
			);
			runOnlyForDeploymentPostprocessing = 0;
		};
/* End PBXFrameworksBuildPhase section */

/* Begin PBXGroup section */
		1B94A51C1946F8F70061180A = {
			isa = PBXGroup;
			children = (
				1B94A52E1946F8F70061180A /* ThumbTest */,
				1B94A54D1946F8F70061180A /* ThumbTestTests */,
				1B94A5271946F8F70061180A /* Frameworks */,
				1B94A5261946F8F70061180A /* Products */,
			);
			sourceTree = "<group>";
		};
		1B94A5261946F8F70061180A /* Products */ = {
			isa = PBXGroup;
			children = (
				1B94A5251946F8F70061180A /* ThumbTest.app */,
				1B94A5461946F8F70061180A /* ThumbTestTests.xctest */,
			);
			name = Products;
			sourceTree = "<group>";
		};
		1B94A5271946F8F70061180A /* Frameworks */ = {
			isa = PBXGroup;
			children = (
				1B94A5281946F8F70061180A /* Foundation.framework */,
				1B94A52A1946F8F70061180A /* CoreGraphics.framework */,
				1B94A52C1946F8F70061180A /* UIKit.framework */,
				1B94A5471946F8F70061180A /* XCTest.framework */,
			);
			name = Frameworks;
			sourceTree = "<group>";
		};
		1B94A52E1946F8F70061180A /* ThumbTest */ = {
			isa = PBXGroup;
			children = (
				1B94A5371946F8F70061180A /* AppDelegate.h */,
				1B94A5381946F8F70061180A /* AppDelegate.m */,
				1B94A53A1946F8F70061180A /* Main.storyboard */,
				1B94A53D1946F8F70061180A /* ViewController.h */,
				1B94A53E1946F8F70061180A /* ViewController.m */,
				1B94A5401946F8F70061180A /* Images.xcassets */,
				1B94A52F1946F8F70061180A /* Supporting Files */,
			);
			path = ThumbTest;
			sourceTree = "<group>";
		};
		1B94A52F1946F8F70061180A /* Supporting Files */ = {
			isa = PBXGroup;
			children = (
				1B94A5301946F8F70061180A /* ThumbTest-Info.plist */,
				1B94A5311946F8F70061180A /* InfoPlist.strings */,
				1B94A5341946F8F70061180A /* main.m */,
				1B94A5361946F8F70061180A /* ThumbTest-Prefix.pch */,
			);
			name = "Supporting Files";
			sourceTree = "<group>";
		};
		1B94A54D1946F8F70061180A /* ThumbTestTests */ = {
			isa = PBXGroup;
			children = (
				1B94A5531946F8F70061180A /* ThumbTestTests.m */,
				1B94A54E1946F8F70061180A /* Supporting Files */,
			);
			path = ThumbTestTests;
			sourceTree = "<group>";
		};
		1B94A54E1946F8F70061180A /* Supporting Files */ = {
			isa = PBXGroup;
			children = (
				1B94A54F1946F8F70061180A /* ThumbTestTests-Info.plist */,
				1B94A5501946F8F70061180A /* InfoPlist.strings */,
			);
			name = "Supporting Files";
			sourceTree = "<group>";
		};
/* End PBXGroup section */

/* Begin PBXNativeTarget section */
		1B94A5241946F8F70061180A /* ThumbTest */ = {
			isa = PBXNativeTarget;
			buildConfigurationList = 1B94A5571946F8F70061180A /* Build configuration list for PBXNativeTarget "ThumbTest" */;
			buildPhases = (
				1B94A5211946F8F70061180A /* Sources */,
				1B94A5221946F8F70061180A /* Frameworks */,
				1B94A5231946F8F70061180A /* Resources */,
			);
			buildRules = (
			);
			dependencies = (
			);
			name = ThumbTest;
			productName = ThumbTest;
			productReference = 1B94A5251946F8F70061180A /* ThumbTest.app */;
			productType = "com.apple.product-type.application";
		};
		1B94A5451946F8F70061180A /* ThumbTestTests */ = {
			isa = PBXNativeTarget;
			buildConfigurationList = 1B94A55A1946F8F70061180A /* Build configuration list for PBXNativeTarget "ThumbTestTests" */;
			buildPhases = (
				1B94A5421946F8F70061180A /* Sources */,
				1B94A5431946F8F70061180A /* Frameworks */,
				1B94A5441946F8F70061180A /* Resources */,
			);
			buildRules = (
			);
			dependencies = (
				1B94A54C1946F8F70061180A /* PBXTargetDependency */,
			);
			name = ThumbTestTests;
			productName = ThumbTestTests;
			productReference = 1B94A5461946F8F70061180A /* ThumbTestTests.xctest */;
			productType = "com.apple.product-type.bundle.unit-test";
		};
/* End PBXNativeTarget section */

/* Begin PBXProject section */
		1B94A51D1946F8F70061180A /* Project object */ = {
			isa = PBXProject;
			attributes = {
				LastUpgradeCheck = 0510;
				ORGANIZATIONNAME = "Eriko Ichinohe";
				TargetAttributes = {
					1B94A5451946F8F70061180A = {
						TestTargetID = 1B94A5241946F8F70061180A;
					};
				};
			};
			buildConfigurationList = 1B94A5201946F8F70061180A /* Build configuration list for PBXProject "ThumbTest" */;
			compatibilityVersion = "Xcode 3.2";
			developmentRegion = English;
			hasScannedForEncodings = 0;
			knownRegions = (
				en,
				Base,
			);
			mainGroup = 1B94A51C1946F8F70061180A;
			productRefGroup = 1B94A5261946F8F70061180A /* Products */;
			projectDirPath = "";
			projectRoot = "";
			targets = (
				1B94A5241946F8F70061180A /* ThumbTest */,
				1B94A5451946F8F70061180A /* ThumbTestTests */,
			);
		};
/* End PBXProject section */

/* Begin PBXResourcesBuildPhase section */
		1B94A5231946F8F70061180A /* Resources */ = {
			isa = PBXResourcesBuildPhase;
			buildActionMask = 2147483647;
			files = (
				1B94A5411946F8F70061180A /* Images.xcassets in Resources */,
				1B94A5331946F8F70061180A /* InfoPlist.strings in Resources */,
				1B94A53C1946F8F70061180A /* Main.storyboard in Resources */,
			);
			runOnlyForDeploymentPostprocessing = 0;
		};
		1B94A5441946F8F70061180A /* Resources */ = {
			isa = PBXResourcesBuildPhase;
			buildActionMask = 2147483647;
			files = (
				1B94A5521946F8F70061180A /* InfoPlist.strings in Resources */,
			);
			runOnlyForDeploymentPostprocessing = 0;
		};
/* End PBXResourcesBuildPhase section */

/* Begin PBXSourcesBuildPhase section */
		1B94A5211946F8F70061180A /* Sources */ = {
			isa = PBXSourcesBuildPhase;
			buildActionMask = 2147483647;
			files = (
				1B94A53F1946F8F70061180A /* ViewController.m in Sources */,
				1B94A5391946F8F70061180A /* AppDelegate.m in Sources */,
				1B94A5351946F8F70061180A /* main.m in Sources */,
			);
			runOnlyForDeploymentPostprocessing = 0;
		};
		1B94A5421946F8F70061180A /* Sources */ = {
			isa = PBXSourcesBuildPhase;
			buildActionMask = 2147483647;
			files = (
				1B94A5541946F8F70061180A /* ThumbTestTests.m in Sources */,
			);
			runOnlyForDeploymentPostprocessing = 0;
		};
/* End PBXSourcesBuildPhase section */

/* Begin PBXTargetDependency section */
		1B94A54C1946F8F70061180A /* PBXTargetDependency */ = {
			isa = PBXTargetDependency;
			target = 1B94A5241946F8F70061180A /* ThumbTest */;
			targetProxy = 1B94A54B1946F8F70061180A /* PBXContainerItemProxy */;
		};
/* End PBXTargetDependency section */

/* Begin PBXVariantGroup section */
		1B94A5311946F8F70061180A /* InfoPlist.strings */ = {
			isa = PBXVariantGroup;
			children = (
				1B94A5321946F8F70061180A /* en */,
			);
			name = InfoPlist.strings;
			sourceTree = "<group>";
		};
		1B94A53A1946F8F70061180A /* Main.storyboard */ = {
			isa = PBXVariantGroup;
			children = (
				1B94A53B1946F8F70061180A /* Base */,
			);
			name = Main.storyboard;
			sourceTree = "<group>";
		};
		1B94A5501946F8F70061180A /* InfoPlist.strings */ = {
			isa = PBXVariantGroup;
			children = (
				1B94A5511946F8F70061180A /* en */,
			);
			name = InfoPlist.strings;
			sourceTree = "<group>";
		};
/* End PBXVariantGroup section */

/* Begin XCBuildConfiguration section */
		1B94A5551946F8F70061180A /* Debug */ = {
			isa = XCBuildConfiguration;
			buildSettings = {
				ALWAYS_SEARCH_USER_PATHS = NO;
				CLANG_CXX_LANGUAGE_STANDARD = "gnu++0x";
				CLANG_CXX_LIBRARY = "libc++";
				CLANG_ENABLE_MODULES = YES;
				CLANG_ENABLE_OBJC_ARC = YES;
				CLANG_WARN_BOOL_CONVERSION = YES;
				CLANG_WARN_CONSTANT_CONVERSION = YES;
				CLANG_WARN_DIRECT_OBJC_ISA_USAGE = YES_ERROR;
				CLANG_WARN_EMPTY_BODY = YES;
				CLANG_WARN_ENUM_CONVERSION = YES;
				CLANG_WARN_INT_CONVERSION = YES;
				CLANG_WARN_OBJC_ROOT_CLASS = YES_ERROR;
				CLANG_WARN__DUPLICATE_METHOD_MATCH = YES;
				"CODE_SIGN_IDENTITY[sdk=iphoneos*]" = "iPhone Developer";
				COPY_PHASE_STRIP = NO;
				GCC_C_LANGUAGE_STANDARD = gnu99;
				GCC_DYNAMIC_NO_PIC = NO;
				GCC_OPTIMIZATION_LEVEL = 0;
				GCC_PREPROCESSOR_DEFINITIONS = (
					"DEBUG=1",
					"$(inherited)",
				);
				GCC_SYMBOLS_PRIVATE_EXTERN = NO;
				GCC_WARN_64_TO_32_BIT_CONVERSION = YES;
				GCC_WARN_ABOUT_RETURN_TYPE = YES_ERROR;
				GCC_WARN_UNDECLARED_SELECTOR = YES;
				GCC_WARN_UNINITIALIZED_AUTOS = YES_AGGRESSIVE;
				GCC_WARN_UNUSED_FUNCTION = YES;
				GCC_WARN_UNUSED_VARIABLE = YES;
				IPHONEOS_DEPLOYMENT_TARGET = 7.1;
				ONLY_ACTIVE_ARCH = YES;
				SDKROOT = iphoneos;
			};
			name = Debug;
		};
		1B94A5561946F8F70061180A /* Release */ = {
			isa = XCBuildConfiguration;
			buildSettings = {
				ALWAYS_SEARCH_USER_PATHS = NO;
				CLANG_CXX_LANGUAGE_STANDARD = "gnu++0x";
				CLANG_CXX_LIBRARY = "libc++";
				CLANG_ENABLE_MODULES = YES;
				CLANG_ENABLE_OBJC_ARC = YES;
				CLANG_WARN_BOOL_CONVERSION = YES;
				CLANG_WARN_CONSTANT_CONVERSION = YES;
				CLANG_WARN_DIRECT_OBJC_ISA_USAGE = YES_ERROR;
				CLANG_WARN_EMPTY_BODY = YES;
				CLANG_WARN_ENUM_CONVERSION = YES;
				CLANG_WARN_INT_CONVERSION = YES;
				CLANG_WARN_OBJC_ROOT_CLASS = YES_ERROR;
				CLANG_WARN__DUPLICATE_METHOD_MATCH = YES;
				"CODE_SIGN_IDENTITY[sdk=iphoneos*]" = "iPhone Developer";
				COPY_PHASE_STRIP = YES;
				ENABLE_NS_ASSERTIONS = NO;
				GCC_C_LANGUAGE_STANDARD = gnu99;
				GCC_WARN_64_TO_32_BIT_CONVERSION = YES;
				GCC_WARN_ABOUT_RETURN_TYPE = YES_ERROR;
				GCC_WARN_UNDECLARED_SELECTOR = YES;
				GCC_WARN_UNINITIALIZED_AUTOS = YES_AGGRESSIVE;
				GCC_WARN_UNUSED_FUNCTION = YES;
				GCC_WARN_UNUSED_VARIABLE = YES;
				IPHONEOS_DEPLOYMENT_TARGET = 7.1;
				SDKROOT = iphoneos;
				VALIDATE_PRODUCT = YES;
			};
			name = Release;
		};
		1B94A5581946F8F70061180A /* Debug */ = {
			isa = XCBuildConfiguration;
			buildSettings = {
				ASSETCATALOG_COMPILER_APPICON_NAME = AppIcon;
				ASSETCATALOG_COMPILER_LAUNCHIMAGE_NAME = LaunchImage;
				GCC_PRECOMPILE_PREFIX_HEADER = YES;
				GCC_PREFIX_HEADER = "ThumbTest/ThumbTest-Prefix.pch";
				INFOPLIST_FILE = "ThumbTest/ThumbTest-Info.plist";
				PRODUCT_NAME = "$(TARGET_NAME)";
				WRAPPER_EXTENSION = app;
			};
			name = Debug;
		};
		1B94A5591946F8F70061180A /* Release */ = {
			isa = XCBuildConfiguration;
			buildSettings = {
				ASSETCATALOG_COMPILER_APPICON_NAME = AppIcon;
				ASSETCATALOG_COMPILER_LAUNCHIMAGE_NAME = LaunchImage;
				GCC_PRECOMPILE_PREFIX_HEADER = YES;
				GCC_PREFIX_HEADER = "ThumbTest/ThumbTest-Prefix.pch";
				INFOPLIST_FILE = "ThumbTest/ThumbTest-Info.plist";
				PRODUCT_NAME = "$(TARGET_NAME)";
				WRAPPER_EXTENSION = app;
			};
			name = Release;
		};
		1B94A55B1946F8F70061180A /* Debug */ = {
			isa = XCBuildConfiguration;
			buildSettings = {
				BUNDLE_LOADER = "$(BUILT_PRODUCTS_DIR)/ThumbTest.app/ThumbTest";
				FRAMEWORK_SEARCH_PATHS = (
					"$(SDKROOT)/Developer/Library/Frameworks",
					"$(inherited)",
					"$(DEVELOPER_FRAMEWORKS_DIR)",
				);
				GCC_PRECOMPILE_PREFIX_HEADER = YES;
				GCC_PREFIX_HEADER = "ThumbTest/ThumbTest-Prefix.pch";
				GCC_PREPROCESSOR_DEFINITIONS = (
					"DEBUG=1",
					"$(inherited)",
				);
				INFOPLIST_FILE = "ThumbTestTests/ThumbTestTests-Info.plist";
				PRODUCT_NAME = "$(TARGET_NAME)";
				TEST_HOST = "$(BUNDLE_LOADER)";
				WRAPPER_EXTENSION = xctest;
			};
			name = Debug;
		};
		1B94A55C1946F8F70061180A /* Release */ = {
			isa = XCBuildConfiguration;
			buildSettings = {
				BUNDLE_LOADER = "$(BUILT_PRODUCTS_DIR)/ThumbTest.app/ThumbTest";
				FRAMEWORK_SEARCH_PATHS = (
					"$(SDKROOT)/Developer/Library/Frameworks",
					"$(inherited)",
					"$(DEVELOPER_FRAMEWORKS_DIR)",
				);
				GCC_PRECOMPILE_PREFIX_HEADER = YES;
				GCC_PREFIX_HEADER = "ThumbTest/ThumbTest-Prefix.pch";
				INFOPLIST_FILE = "ThumbTestTests/ThumbTestTests-Info.plist";
				PRODUCT_NAME = "$(TARGET_NAME)";
				TEST_HOST = "$(BUNDLE_LOADER)";
				WRAPPER_EXTENSION = xctest;
			};
			name = Release;
		};
/* End XCBuildConfiguration section */

/* Begin XCConfigurationList section */
		1B94A5201946F8F70061180A /* Build configuration list for PBXProject "ThumbTest" */ = {
			isa = XCConfigurationList;
			buildConfigurations = (
				1B94A5551946F8F70061180A /* Debug */,
				1B94A5561946F8F70061180A /* Release */,
			);
			defaultConfigurationIsVisible = 0;
			defaultConfigurationName = Release;
		};
		1B94A5571946F8F70061180A /* Build configuration list for PBXNativeTarget "ThumbTest" */ = {
			isa = XCConfigurationList;
			buildConfigurations = (
				1B94A5581946F8F70061180A /* Debug */,
				1B94A5591946F8F70061180A /* Release */,
			);
			defaultConfigurationIsVisible = 0;
		};
		1B94A55A1946F8F70061180A /* Build configuration list for PBXNativeTarget "ThumbTestTests" */ = {
			isa = XCConfigurationList;
			buildConfigurations = (
				1B94A55B1946F8F70061180A /* Debug */,
				1B94A55C1946F8F70061180A /* Release */,
			);
			defaultConfigurationIsVisible = 0;
		};
/* End XCConfigurationList section */
	};
	rootObject = 1B94A51D1946F8F70061180A /* Project object */;
}
